
Microsoft Visual Studio Solution File, Format Version 12.00
# Visual Studio 15
VisualStudioVersion = 15.0.28307.421
MinimumVisualStudioVersion = 10.0.40219.1
Project("{FAE04EC0-301F-11D3-BF4B-00C04F79EFBC}") = "Dynasent", "Dynasent\Dynasent.csproj", "{3F4AC0E1-3B81-4A74-85BB-92DEDD4D0161}"
EndProject
Global
	GlobalSection(SolutionConfigurationPlatforms) = preSolution
		Debug|Any CPU = Debug|Any CPU
		Release|Any CPU = Release|Any CPU
	EndGlobalSection
	GlobalSection(ProjectConfigurationPlatforms) = postSolution
		{3F4AC0E1-3B81-4A74-85BB-92DEDD4D0161}.Debug|Any CPU.ActiveCfg = Debug|Any CPU
		{3F4AC0E1-3B81-4A74-85BB-92DEDD4D0161}.Debug|Any CPU.Build.0 = Debug|Any CPU
		{3F4AC0E1-3B81-4A74-85BB-92DEDD4D0161}.Release|Any CPU.ActiveCfg = Release|Any CPU
		{3F4AC0E1-3B81-4A74-85BB-92DEDD4D0161}.Release|Any CPU.Build.0 = Release|Any CPU
	EndGlobalSection
	GlobalSection(SolutionProperties) = preSolution
		HideSolutionNode = FALSE
	EndGlobalSection
	GlobalSection(ExtensibilityGlobals) = postSolution
		SolutionGuid = {0EC2BC0D-81CE-465E-A962-C9F13456D6CD}
	EndGlobalSection
EndGlobal
